// !$*UTF8*$!
{
	archiveVersion = 1;
	classes = {
	};
	objectVersion = 50;
	objects = {

/* Begin PBXBuildFile section */
		C9AD502123739F3700F898CF /* AppDelegate.swift in Sources */ = {isa = PBXBuildFile; fileRef = C9AD502023739F3700F898CF /* AppDelegate.swift */; };
		C9AD502323739F3700F898CF /* SceneDelegate.swift in Sources */ = {isa = PBXBuildFile; fileRef = C9AD502223739F3700F898CF /* SceneDelegate.swift */; };
		C9AD502523739F3700F898CF /* ContentView.swift in Sources */ = {isa = PBXBuildFile; fileRef = C9AD502423739F3700F898CF /* ContentView.swift */; };
		C9AD502723739F3A00F898CF /* Assets.xcassets in Resources */ = {isa = PBXBuildFile; fileRef = C9AD502623739F3A00F898CF /* Assets.xcassets */; };
		C9AD502A23739F3A00F898CF /* Preview Assets.xcassets in Resources */ = {isa = PBXBuildFile; fileRef = C9AD502923739F3A00F898CF /* Preview Assets.xcassets */; };
		C9AD502D23739F3A00F898CF /* LaunchScreen.storyboard in Resources */ = {isa = PBXBuildFile; fileRef = C9AD502B23739F3A00F898CF /* LaunchScreen.storyboard */; };
/* End PBXBuildFile section */

/* Begin PBXFileReference section */
		C9AD501D23739F3700F898CF /* SwiftUI_DeclarativeInterface.app */ = {isa = PBXFileReference; explicitFileType = wrapper.application; includeInIndex = 0; path = SwiftUI_DeclarativeInterface.app; sourceTree = BUILT_PRODUCTS_DIR; };
		C9AD502023739F3700F898CF /* AppDelegate.swift */ = {isa = PBXFileReference; lastKnownFileType = sourcecode.swift; path = AppDelegate.swift; sourceTree = "<group>"; };
		C9AD502223739F3700F898CF /* SceneDelegate.swift */ = {isa = PBXFileReference; lastKnownFileType = sourcecode.swift; path = SceneDelegate.swift; sourceTree = "<group>"; };
		C9AD502423739F3700F898CF /* ContentView.swift */ = {isa = PBXFileReference; lastKnownFileType = sourcecode.swift; path = ContentView.swift; sourceTree = "<group>"; };
		C9AD502623739F3A00F898CF /* Assets.xcassets */ = {isa = PBXFileReference; lastKnownFileType = folder.assetcatalog; path = Assets.xcassets; sourceTree = "<group>"; };
		C9AD502923739F3A00F898CF /* Preview Assets.xcassets */ = {isa = PBXFileReference; lastKnownFileType = folder.assetcatalog; path = "Preview Assets.xcassets"; sourceTree = "<group>"; };
		C9AD502C23739F3A00F898CF /* Base */ = {isa = PBXFileReference; lastKnownFileType = file.storyboard; name = Base; path = Base.lproj/LaunchScreen.storyboard; sourceTree = "<group>"; };
		C9AD502E23739F3A00F898CF /* Info.plist */ = {isa = PBXFileReference; lastKnownFileType = text.plist.xml; path = Info.plist; sourceTree = "<group>"; };
/* End PBXFileReference section */

/* Begin PBXFrameworksBuildPhase section */
		C9AD501A23739F3700F898CF /* Frameworks */ = {
			isa = PBXFrameworksBuildPhase;
			buildActionMask = 2147483647;
			files = (
			);
			runOnlyForDeploymentPostprocessing = 0;
		};
/* End PBXFrameworksBuildPhase section */

/* Begin PBXGroup section */
		C9AD501423739F3700F898CF = {
			isa = PBXGroup;
			children = (
				C9AD501F23739F3700F898CF /* SwiftUI_DeclarativeInterface */,
				C9AD501E23739F3700F898CF /* Products */,
			);
			sourceTree = "<group>";
		};
		C9AD501E23739F3700F898CF /* Products */ = {
			isa = PBXGroup;
			children = (
				C9AD501D23739F3700F898CF /* SwiftUI_DeclarativeInterface.app */,
			);
			name = Products;
			sourceTree = "<group>";
		};
		C9AD501F23739F3700F898CF /* SwiftUI_DeclarativeInterface */ = {
			isa = PBXGroup;
			children = (
				C9AD502023739F3700F898CF /* AppDelegate.swift */,
				C9AD502223739F3700F898CF /* SceneDelegate.swift */,
				C9AD502423739F3700F898CF /* ContentView.swift */,
				C9AD502623739F3A00F898CF /* Assets.xcassets */,
				C9AD502B23739F3A00F898CF /* LaunchScreen.storyboard */,
				C9AD502E23739F3A00F898CF /* Info.plist */,
				C9AD502823739F3A00F898CF /* Preview Content */,
			);
			path = SwiftUI_DeclarativeInterface;
			sourceTree = "<group>";
		};
		C9AD502823739F3A00F898CF /* Preview Content */ = {
			isa = PBXGroup;
			children = (
				C9AD502923739F3A00F898CF /* Preview Assets.xcassets */,
			);
			path = "Preview Content";
			sourceTree = "<group>";
		};
/* End PBXGroup section */

/* Begin PBXNativeTarget section */
		C9AD501C23739F3700F898CF /* SwiftUI_DeclarativeInterface */ = {
			isa = PBXNativeTarget;
			buildConfigurationList = C9AD503123739F3A00F898CF /* Build configuration list for PBXNativeTarget "SwiftUI_DeclarativeInterface" */;
			buildPhases = (
				C9AD501923739F3700F898CF /* Sources */,
				C9AD501A23739F3700F898CF /* Frameworks */,
				C9AD501B23739F3700F898CF /* Resources */,
			);
			buildRules = (
			);
			dependencies = (
			);
			name = SwiftUI_DeclarativeInterface;
			productName = SwiftUI_DeclarativeInterface;
			productReference = C9AD501D23739F3700F898CF /* SwiftUI_DeclarativeInterface.app */;
			productType = "com.apple.product-type.application";
		};
/* End PBXNativeTarget section */

/* Begin PBXProject section */
		C9AD501523739F3700F898CF /* Project object */ = {
			isa = PBXProject;
			attributes = {
				LastSwiftUpdateCheck = 1120;
				LastUpgradeCheck = 1120;
				ORGANIZATIONNAME = GamaPaulo;
				TargetAttributes = {
					C9AD501C23739F3700F898CF = {
						CreatedOnToolsVersion = 11.2;
					};
				};
			};
			buildConfigurationList = C9AD501823739F3700F898CF /* Build configuration list for PBXProject "SwiftUI_DeclarativeInterface" */;
			compatibilityVersion = "Xcode 9.3";
			developmentRegion = en;
			hasScannedForEncodings = 0;
			knownRegions = (
				en,
				Base,
			);
			mainGroup = C9AD501423739F3700F898CF;
			productRefGroup = C9AD501E23739F3700F898CF /* Products */;
			projectDirPath = "";
			projectRoot = "";
			targets = (
				C9AD501C23739F3700F898CF /* SwiftUI_DeclarativeInterface */,
			);
		};
/* End PBXProject section */

/* Begin PBXResourcesBuildPhase section */
		C9AD501B23739F3700F898CF /* Resources */ = {
			isa = PBXResourcesBuildPhase;
			buildActionMask = 2147483647;
			files = (
				C9AD502D23739F3A00F898CF /* LaunchScreen.storyboard in Resources */,
				C9AD502A23739F3A00F898CF /* Preview Assets.xcassets in Resources */,
				C9AD502723739F3A00F898CF /* Assets.xcassets in Resources */,
			);
			runOnlyForDeploymentPostprocessing = 0;
		};
/* End PBXResourcesBuildPhase section */

/* Begin PBXSourcesBuildPhase section */
		C9AD501923739F3700F898CF /* Sources */ = {
			isa = PBXSourcesBuildPhase;
			buildActionMask = 2147483647;
			files = (
				C9AD502123739F3700F898CF /* AppDelegate.swift in Sources */,
				C9AD502323739F3700F898CF /* SceneDelegate.swift in Sources */,
				C9AD502523739F3700F898CF /* ContentView.swift in Sources */,
			);
			runOnlyForDeploymentPostprocessing = 0;
		};
/* End PBXSourcesBuildPhase section */

/* Begin PBXVariantGroup section */
		C9AD502B23739F3A00F898CF /* LaunchScreen.storyboard */ = {
			isa = PBXVariantGroup;
			children = (
				C9AD502C23739F3A00F898CF /* Base */,
			);
			name = LaunchScreen.storyboard;
			sourceTree = "<group>";
		};
/* End PBXVariantGroup section */

/* Begin XCBuildConfiguration section */
		C9AD502F23739F3A00F898CF /* Debug */ = {
			isa = XCBuildConfiguration;
			buildSettings = {
				ALWAYS_SEARCH_USER_PATHS = NO;
				CLANG_ANALYZER_NONNULL = YES;
				CLANG_ANALYZER_NUMBER_OBJECT_CONVERSION = YES_AGGRESSIVE;
				CLANG_CXX_LANGUAGE_STANDARD = "gnu++14";
				CLANG_CXX_LIBRARY = "libc++";
				CLANG_ENABLE_MODULES = YES;
				CLANG_ENABLE_OBJC_ARC = YES;
				CLANG_ENABLE_OBJC_WEAK = YES;
				CLANG_WARN_BLOCK_CAPTURE_AUTORELEASING = YES;
				CLANG_WARN_BOOL_CONVERSION = YES;
				CLANG_WARN_COMMA = YES;
				CLANG_WARN_CONSTANT_CONVERSION = YES;
				CLANG_WARN_DEPRECATED_OBJC_IMPLEMENTATIONS = YES;
				CLANG_WARN_DIRECT_OBJC_ISA_USAGE = YES_ERROR;
				CLANG_WARN_DOCUMENTATION_COMMENTS = YES;
				CLANG_WARN_EMPTY_BODY = YES;
				CLANG_WARN_ENUM_CONVERSION = YES;
				CLANG_WARN_INFINITE_RECURSION = YES;
				CLANG_WARN_INT_CONVERSION = YES;
				CLANG_WARN_NON_LITERAL_NULL_CONVERSION = YES;
				CLANG_WARN_OBJC_IMPLICIT_RETAIN_SELF = YES;
				CLANG_WARN_OBJC_LITERAL_CONVERSION = YES;
				CLANG_WARN_OBJC_ROOT_CLASS = YES_ERROR;
				CLANG_WARN_RANGE_LOOP_ANALYSIS = YES;
				CLANG_WARN_STRICT_PROTOTYPES = YES;
				CLANG_WARN_SUSPICIOUS_MOVE = YES;
				CLANG_WARN_UNGUARDED_AVAILABILITY = YES_AGGRESSIVE;
				CLANG_WARN_UNREACHABLE_CODE = YES;
				CLANG_WARN__DUPLICATE_METHOD_MATCH = YES;
				COPY_PHASE_STRIP = NO;
				DEBUG_INFORMATION_FORMAT = dwarf;
				ENABLE_STRICT_OBJC_MSGSEND = YES;
				ENABLE_TESTABILITY = YES;
				GCC_C_LANGUAGE_STANDARD = gnu11;
				GCC_DYNAMIC_NO_PIC = NO;
				GCC_NO_COMMON_BLOCKS = YES;
				GCC_OPTIMIZATION_LEVEL = 0;
				GCC_PREPROCESSOR_DEFINITIONS = (
					"DEBUG=1",
					"$(inherited)",
				);
				GCC_WARN_64_TO_32_BIT_CONVERSION = YES;
				GCC_WARN_ABOUT_RETURN_TYPE = YES_ERROR;
				GCC_WARN_UNDECLARED_SELECTOR = YES;
				GCC_WARN_UNINITIALIZED_AUTOS = YES_AGGRESSIVE;
				GCC_WARN_UNUSED_FUNCTION = YES;
				GCC_WARN_UNUSED_VARIABLE = YES;
				IPHONEOS_DEPLOYMENT_TARGET = 13.2;
				MTL_ENABLE_DEBUG_INFO = INCLUDE_SOURCE;
				MTL_FAST_MATH = YES;
				ONLY_ACTIVE_ARCH = YES;
				SDKROOT = iphoneos;
				SWIFT_ACTIVE_COMPILATION_CONDITIONS = DEBUG;
				SWIFT_OPTIMIZATION_LEVEL = "-Onone";
			};
			name = Debug;
		};
		C9AD503023739F3A00F898CF /* Release */ = {
			isa = XCBuildConfiguration;
			buildSettings = {
				ALWAYS_SEARCH_USER_PATHS = NO;
				CLANG_ANALYZER_NONNULL = YES;
				CLANG_ANALYZER_NUMBER_OBJECT_CONVERSION = YES_AGGRESSIVE;
				CLANG_CXX_LANGUAGE_STANDARD = "gnu++14";
				CLANG_CXX_LIBRARY = "libc++";
				CLANG_ENABLE_MODULES = YES;
				CLANG_ENABLE_OBJC_ARC = YES;
				CLANG_ENABLE_OBJC_WEAK = YES;
				CLANG_WARN_BLOCK_CAPTURE_AUTORELEASING = YES;
				CLANG_WARN_BOOL_CONVERSION = YES;
				CLANG_WARN_COMMA = YES;
				CLANG_WARN_CONSTANT_CONVERSION = YES;
				CLANG_WARN_DEPRECATED_OBJC_IMPLEMENTATIONS = YES;
				CLANG_WARN_DIRECT_OBJC_ISA_USAGE = YES_ERROR;
				CLANG_WARN_DOCUMENTATION_COMMENTS = YES;
				CLANG_WARN_EMPTY_BODY = YES;
				CLANG_WARN_ENUM_CONVERSION = YES;
				CLANG_WARN_INFINITE_RECURSION = YES;
				CLANG_WARN_INT_CONVERSION = YES;
				CLANG_WARN_NON_LITERAL_NULL_CONVERSION = YES;
				CLANG_WARN_OBJC_IMPLICIT_RETAIN_SELF = YES;
				CLANG_WARN_OBJC_LITERAL_CONVERSION = YES;
				CLANG_WARN_OBJC_ROOT_CLASS = YES_ERROR;
				CLANG_WARN_RANGE_LOOP_ANALYSIS = YES;
				CLANG_WARN_STRICT_PROTOTYPES = YES;
				CLANG_WARN_SUSPICIOUS_MOVE = YES;
				CLANG_WARN_UNGUARDED_AVAILABILITY = YES_AGGRESSIVE;
				CLANG_WARN_UNREACHABLE_CODE = YES;
				CLANG_WARN__DUPLICATE_METHOD_MATCH = YES;
				COPY_PHASE_STRIP = NO;
				DEBUG_INFORMATION_FORMAT = "dwarf-with-dsym";
				ENABLE_NS_ASSERTIONS = NO;
				ENABLE_STRICT_OBJC_MSGSEND = YES;
				GCC_C_LANGUAGE_STANDARD = gnu11;
				GCC_NO_COMMON_BLOCKS = YES;
				GCC_WARN_64_TO_32_BIT_CONVERSION = YES;
				GCC_WARN_ABOUT_RETURN_TYPE = YES_ERROR;
				GCC_WARN_UNDECLARED_SELECTOR = YES;
				GCC_WARN_UNINITIALIZED_AUTOS = YES_AGGRESSIVE;
				GCC_WARN_UNUSED_FUNCTION = YES;
				GCC_WARN_UNUSED_VARIABLE = YES;
				IPHONEOS_DEPLOYMENT_TARGET = 13.2;
				MTL_ENABLE_DEBUG_INFO = NO;
				MTL_FAST_MATH = YES;
				SDKROOT = iphoneos;
				SWIFT_COMPILATION_MODE = wholemodule;
				SWIFT_OPTIMIZATION_LEVEL = "-O";
				VALIDATE_PRODUCT = YES;
			};
			name = Release;
		};
		C9AD503223739F3A00F898CF /* Debug */ = {
			isa = XCBuildConfiguration;
			buildSettings = {
				ASSETCATALOG_COMPILER_APPICON_NAME = AppIcon;
				CODE_SIGN_STYLE = Automatic;
				DEVELOPMENT_ASSET_PATHS = "\"SwiftUI_DeclarativeInterface/Preview Content\"";
				DEVELOPMENT_TEAM = 53QWD2UZM4;
				ENABLE_PREVIEWS = YES;
				INFOPLIST_FILE = SwiftUI_DeclarativeInterface/Info.plist;
				LD_RUNPATH_SEARCH_PATHS = (
					"$(inherited)",
					"@executable_path/Frameworks",
				);
				PRODUCT_BUNDLE_IDENTIFIER = "com.paulogama.SwiftUI-DeclarativeInterface";
				PRODUCT_NAME = "$(TARGET_NAME)";
				SWIFT_VERSION = 5.0;
				TARGETED_DEVICE_FAMILY = "1,2";
			};
			name = Debug;
		};
		C9AD503323739F3A00F898CF /* Release */ = {
			isa = XCBuildConfiguration;
			buildSettings = {
				ASSETCATALOG_COMPILER_APPICON_NAME = AppIcon;
				CODE_SIGN_STYLE = Automatic;
				DEVELOPMENT_ASSET_PATHS = "\"SwiftUI_DeclarativeInterface/Preview Content\"";
				DEVELOPMENT_TEAM = 53QWD2UZM4;
				ENABLE_PREVIEWS = YES;
				INFOPLIST_FILE = SwiftUI_DeclarativeInterface/Info.plist;
				LD_RUNPATH_SEARCH_PATHS = (
					"$(inherited)",
					"@executable_path/Frameworks",
				);
				PRODUCT_BUNDLE_IDENTIFIER = "com.paulogama.SwiftUI-DeclarativeInterface";
				PRODUCT_NAME = "$(TARGET_NAME)";
				SWIFT_VERSION = 5.0;
				TARGETED_DEVICE_FAMILY = "1,2";
			};
			name = Release;
		};
/* End XCBuildConfiguration section */

/* Begin XCConfigurationList section */
		C9AD501823739F3700F898CF /* Build configuration list for PBXProject "SwiftUI_DeclarativeInterface" */ = {
			isa = XCConfigurationList;
			buildConfigurations = (
				C9AD502F23739F3A00F898CF /* Debug */,
				C9AD503023739F3A00F898CF /* Release */,
			);
			defaultConfigurationIsVisible = 0;
			defaultConfigurationName = Release;
		};
		C9AD503123739F3A00F898CF /* Build configuration list for PBXNativeTarget "SwiftUI_DeclarativeInterface" */ = {
			isa = XCConfigurationList;
			buildConfigurations = (
				C9AD503223739F3A00F898CF /* Debug */,
				C9AD503323739F3A00F898CF /* Release */,
			);
			defaultConfigurationIsVisible = 0;
			defaultConfigurationName = Release;
		};
/* End XCConfigurationList section */
	};
	rootObject = C9AD501523739F3700F898CF /* Project object */;
}
